
Microsoft Visual Studio Solution File, Format Version 12.00
# Visual Studio Version 17
VisualStudioVersion = 17.5.33530.505
MinimumVisualStudioVersion = 10.0.40219.1
Project("{FAE04EC0-301F-11D3-BF4B-00C04F79EFBC}") = "ApiAmbev", "ApiAmbev\ApiAmbev.csproj", "{304625EE-5D05-494B-83BA-BB1EF3B76C73}"
EndProject
Global
	GlobalSection(SolutionConfigurationPlatforms) = preSolution
		Debug|Any CPU = Debug|Any CPU
		Release|Any CPU = Release|Any CPU
	EndGlobalSection
	GlobalSection(ProjectConfigurationPlatforms) = postSolution
		{304625EE-5D05-494B-83BA-BB1EF3B76C73}.Debug|Any CPU.ActiveCfg = Debug|Any CPU
		{304625EE-5D05-494B-83BA-BB1EF3B76C73}.Debug|Any CPU.Build.0 = Debug|Any CPU
		{304625EE-5D05-494B-83BA-BB1EF3B76C73}.Release|Any CPU.ActiveCfg = Release|Any CPU
		{304625EE-5D05-494B-83BA-BB1EF3B76C73}.Release|Any CPU.Build.0 = Release|Any CPU
	EndGlobalSection
	GlobalSection(SolutionProperties) = preSolution
		HideSolutionNode = FALSE
	EndGlobalSection
	GlobalSection(ExtensibilityGlobals) = postSolution
		SolutionGuid = {F8210A92-D320-4FDA-8095-FA572B3298B6}
	EndGlobalSection
EndGlobal
